{
    "_meta": {
        "hash": {
            "sha256": "1240f5730197f65d31ca67aa294456a0e8e432feb99955cfec283f8b99f8f566"
        },
        "host-environment-markers": {
            "implementation_name": "cpython",
            "implementation_version": "3.5.3",
            "os_name": "posix",
            "platform_machine": "x86_64",
            "platform_python_implementation": "CPython",
            "platform_release": "4.9.0-5-amd64",
            "platform_system": "Linux",
            "platform_version": "#1 SMP Debian 4.9.65-3+deb9u2 (2018-01-04)",
            "python_full_version": "3.5.3",
            "python_version": "3.5",
            "sys_platform": "linux"
        },
        "pipfile-spec": 6,
        "requires": {},
        "sources": [
            {
                "name": "pypi",
                "url": "https://pypi.python.org/simple",
                "verify_ssl": true
            }
        ]
    },
    "default": {
        "beautifulsoup4": {
            "hashes": [],
            "version": "==4.6.0"
        },
        "blinker": {
            "hashes": [],
            "version": "==1.4"
        },
        "bs4": {
            "hashes": [],
            "version": "==0.0.1"
        },
        "docutils": {
            "hashes": [],
            "version": "==0.14"
        },
        "feedgenerator": {
            "hashes": [],
            "version": "==1.9"
        },
        "gitdb2": {
            "hashes": [],
            "version": "==2.0.3"
        },
        "gitpython": {
            "hashes": [],
            "version": "==2.1.8"
        },
        "jinja2": {
            "hashes": [],
            "version": "==2.10"
        },
        "markdown": {
            "hashes": [],
            "version": "==2.6.11"
        },
        "markupsafe": {
            "hashes": [],
            "version": "==1.0"
        },
        "pelican": {
            "hashes": [],
            "version": "==3.7.1"
        },
        "pygments": {
            "hashes": [],
            "version": "==2.2.0"
        },
        "python-dateutil": {
            "hashes": [],
            "version": "==2.6.1"
        },
        "pytz": {
            "hashes": [],
            "version": "==2017.3"
        },
        "six": {
            "hashes": [],
            "version": "==1.11.0"
        },
        "smmap2": {
            "hashes": [],
            "version": "==2.0.3"
        },
        "unidecode": {
            "hashes": [],
            "version": "==1.0.22"
        }
    },
    "develop": {}
}
